
Microsoft Visual Studio Solution File, Format Version 12.00
# Visual Studio Version 16
VisualStudioVersion = 16.0.30503.244
MinimumVisualStudioVersion = 10.0.40219.1
Project("{FAE04EC0-301F-11D3-BF4B-00C04F79EFBC}") = "sup", "sup\sup.csproj", "{E7054042-34CD-40AC-B5FD-28C7376A82CE}"
EndProject
Project("{FAE04EC0-301F-11D3-BF4B-00C04F79EFBC}") = "model", "model\model.csproj", "{F1008609-4BAB-49B9-9035-99B1B532CD7E}"
EndProject
Global
	GlobalSection(SolutionConfigurationPlatforms) = preSolution
		Debug|Any CPU = Debug|Any CPU
		Release|Any CPU = Release|Any CPU
	EndGlobalSection
	GlobalSection(ProjectConfigurationPlatforms) = postSolution
		{E7054042-34CD-40AC-B5FD-28C7376A82CE}.Debug|Any CPU.ActiveCfg = Debug|Any CPU
		{E7054042-34CD-40AC-B5FD-28C7376A82CE}.Debug|Any CPU.Build.0 = Debug|Any CPU
		{E7054042-34CD-40AC-B5FD-28C7376A82CE}.Release|Any CPU.ActiveCfg = Release|Any CPU
		{E7054042-34CD-40AC-B5FD-28C7376A82CE}.Release|Any CPU.Build.0 = Release|Any CPU
		{F1008609-4BAB-49B9-9035-99B1B532CD7E}.Debug|Any CPU.ActiveCfg = Debug|Any CPU
		{F1008609-4BAB-49B9-9035-99B1B532CD7E}.Debug|Any CPU.Build.0 = Debug|Any CPU
		{F1008609-4BAB-49B9-9035-99B1B532CD7E}.Release|Any CPU.ActiveCfg = Release|Any CPU
		{F1008609-4BAB-49B9-9035-99B1B532CD7E}.Release|Any CPU.Build.0 = Release|Any CPU
	EndGlobalSection
	GlobalSection(SolutionProperties) = preSolution
		HideSolutionNode = FALSE
	EndGlobalSection
	GlobalSection(ExtensibilityGlobals) = postSolution
		SolutionGuid = {5E6FBA75-0CF6-4BA8-A606-4E0D7CC583CF}
	EndGlobalSection
EndGlobal
